
Microsoft Visual Studio Solution File, Format Version 12.00
# Visual Studio Version 16
VisualStudioVersion = 16.0.30011.22
MinimumVisualStudioVersion = 10.0.40219.1
Project("{FAE04EC0-301F-11D3-BF4B-00C04F79EFBC}") = "WindowsFormsPresentationLayerMyBike", "WindowsFormsPresentationLayerMyBike\WindowsFormsPresentationLayerMyBike.csproj", "{8106DBBC-B8C8-40A9-822E-7AE2F8880B13}"
EndProject
Global
	GlobalSection(SolutionConfigurationPlatforms) = preSolution
		Debug|Any CPU = Debug|Any CPU
		Release|Any CPU = Release|Any CPU
	EndGlobalSection
	GlobalSection(ProjectConfigurationPlatforms) = postSolution
		{8106DBBC-B8C8-40A9-822E-7AE2F8880B13}.Debug|Any CPU.ActiveCfg = Debug|Any CPU
		{8106DBBC-B8C8-40A9-822E-7AE2F8880B13}.Debug|Any CPU.Build.0 = Debug|Any CPU
		{8106DBBC-B8C8-40A9-822E-7AE2F8880B13}.Release|Any CPU.ActiveCfg = Release|Any CPU
		{8106DBBC-B8C8-40A9-822E-7AE2F8880B13}.Release|Any CPU.Build.0 = Release|Any CPU
	EndGlobalSection
	GlobalSection(SolutionProperties) = preSolution
		HideSolutionNode = FALSE
	EndGlobalSection
	GlobalSection(ExtensibilityGlobals) = postSolution
		SolutionGuid = {F7B57F4A-56A2-41B7-AFC3-0D60EE99E6FD}
	EndGlobalSection
EndGlobal
